
Microsoft Visual Studio Solution File, Format Version 12.00
# Visual Studio Version 16
VisualStudioVersion = 16.0.29920.165
MinimumVisualStudioVersion = 10.0.40219.1
Project("{FAE04EC0-301F-11D3-BF4B-00C04F79EFBC}") = "GymTracker", "GymTracker\GymTracker.csproj", "{ED59300A-308D-4156-9825-98B81D939F7D}"
EndProject
Global
	GlobalSection(SolutionConfigurationPlatforms) = preSolution
		Debug|Any CPU = Debug|Any CPU
		Release|Any CPU = Release|Any CPU
	EndGlobalSection
	GlobalSection(ProjectConfigurationPlatforms) = postSolution
		{ED59300A-308D-4156-9825-98B81D939F7D}.Debug|Any CPU.ActiveCfg = Debug|Any CPU
		{ED59300A-308D-4156-9825-98B81D939F7D}.Debug|Any CPU.Build.0 = Debug|Any CPU
		{ED59300A-308D-4156-9825-98B81D939F7D}.Release|Any CPU.ActiveCfg = Release|Any CPU
		{ED59300A-308D-4156-9825-98B81D939F7D}.Release|Any CPU.Build.0 = Release|Any CPU
	EndGlobalSection
	GlobalSection(SolutionProperties) = preSolution
		HideSolutionNode = FALSE
	EndGlobalSection
	GlobalSection(ExtensibilityGlobals) = postSolution
		SolutionGuid = {381D1F17-B50B-48A0-8F84-83C50012059B}
	EndGlobalSection
EndGlobal
